{
    "_readme": [
        "This file locks the dependencies of your project to a known state",
        "Read more about it at https://getcomposer.org/doc/01-basic-usage.md#composer-lock-the-lock-file",
        "This file is @generated automatically"
    ],
    "hash": "950a6c7017df36346b2daebfd6a55cf7",
    "content-hash": "b19a782dc303a22631422c69ca828fa0",
    "packages": [
        {
            "name": "symfony/config",
            "version": "v3.0.0",
            "source": {
                "type": "git",
                "url": "https://github.com/symfony/config.git",
                "reference": "40bae8658dbbb500ebc19aa9fde22dc4295fc290"
            },
            "dist": {
                "type": "zip",
                "url": "https://api.github.com/repos/symfony/config/zipball/40bae8658dbbb500ebc19aa9fde22dc4295fc290",
                "reference": "40bae8658dbbb500ebc19aa9fde22dc4295fc290",
                "shasum": ""
            },
            "require": {
                "php": ">=5.5.9",
                "symfony/filesystem": "~2.8|~3.0"
            },
            "type": "library",
            "extra": {
                "branch-alias": {
                    "dev-master": "3.0-dev"
                }
            },
            "autoload": {
                "psr-4": {
                    "Symfony\\Component\\Config\\": ""
                },
                "exclude-from-classmap": [
                    "/Tests/"
                ]
            },
            "notification-url": "https://packagist.org/downloads/",
            "license": [
                "MIT"
            ],
            "authors": [
                {
                    "name": "Fabien Potencier",
                    "email": "fabien@symfony.com"
                },
                {
                    "name": "Symfony Community",
                    "homepage": "https://symfony.com/contributors"
                }
            ],
            "description": "Symfony Config Component",
            "homepage": "https://symfony.com",
            "time": "2015-11-02 20:34:04"
        },
        {
            "name": "symfony/filesystem",
            "version": "v3.0.0",
            "source": {
                "type": "git",
                "url": "https://github.com/symfony/filesystem.git",
                "reference": "692d98d813e4ef314b9c22775c86ddbeb0f44884"
            },
            "dist": {
                "type": "zip",
                "url": "https://api.github.com/repos/symfony/filesystem/zipball/692d98d813e4ef314b9c22775c86ddbeb0f44884",
                "reference": "692d98d813e4ef314b9c22775c86ddbeb0f44884",
                "shasum": ""
            },
            "require": {
                "php": ">=5.5.9"
            },
            "type": "library",
            "extra": {
                "branch-alias": {
                    "dev-master": "3.0-dev"
                }
            },
            "autoload": {
                "psr-4": {
                    "Symfony\\Component\\Filesystem\\": ""
                },
                "exclude-from-classmap": [
                    "/Tests/"
                ]
            },
            "notification-url": "https://packagist.org/downloads/",
            "license": [
                "MIT"
            ],
            "authors": [
                {
                    "name": "Fabien Potencier",
                    "email": "fabien@symfony.com"
                },
                {
                    "name": "Symfony Community",
                    "homepage": "https://symfony.com/contributors"
                }
            ],
            "description": "Symfony Filesystem Component",
            "homepage": "https://symfony.com",
            "time": "2015-11-23 10:41:47"
        },
        {
            "name": "symfony/yaml",
            "version": "v3.0.0",
            "source": {
                "type": "git",
                "url": "https://github.com/symfony/yaml.git",
                "reference": "177a015cb0e19ff4a49e0e2e2c5fc1c1bee07002"
            },
            "dist": {
                "type": "zip",
                "url": "https://api.github.com/repos/symfony/yaml/zipball/177a015cb0e19ff4a49e0e2e2c5fc1c1bee07002",
                "reference": "177a015cb0e19ff4a49e0e2e2c5fc1c1bee07002",
                "shasum": ""
            },
            "require": {
                "php": ">=5.5.9"
            },
            "type": "library",
            "extra": {
                "branch-alias": {
                    "dev-master": "3.0-dev"
                }
            },
            "autoload": {
                "psr-4": {
                    "Symfony\\Component\\Yaml\\": ""
                },
                "exclude-from-classmap": [
                    "/Tests/"
                ]
            },
            "notification-url": "https://packagist.org/downloads/",
            "license": [
                "MIT"
            ],
            "authors": [
                {
                    "name": "Fabien Potencier",
                    "email": "fabien@symfony.com"
                },
                {
                    "name": "Symfony Community",
                    "homepage": "https://symfony.com/contributors"
                }
            ],
            "description": "Symfony Yaml Component",
            "homepage": "https://symfony.com",
            "time": "2015-11-30 12:36:17"
        }
    ],
    "packages-dev": [],
    "aliases": [],
    "minimum-stability": "stable",
    "stability-flags": [],
    "prefer-stable": false,
    "prefer-lowest": false,
    "platform": {
        "php": ">=5.5.0"
    },
    "platform-dev": []
}
